Microsoft Visual Studio Solution File, Format Version 11.00
# Visual Studio 2008

Project("{CC223083-FB7A-0464-A384-7A39ED99A94D}") = "TheWayHome", "Assembly-CSharp-firstpass.csproj", "{EB01AE29-CAEA-397A-3220-93928B3E508D}"
EndProject
Project("{CC223083-FB7A-0464-A384-7A39ED99A94D}") = "TheWayHome", "Assembly-CSharp.csproj", "{A6F8ED80-4691-4257-D491-E547FFD207F3}"
EndProject
Project("{CC223083-FB7A-0464-A384-7A39ED99A94D}") = "TheWayHome", "Assembly-CSharp-Editor-firstpass.csproj", "{99F6F338-0DFE-55D0-20F9-95F5A35335B6}"
EndProject
Project("{CC223083-FB7A-0464-A384-7A39ED99A94D}") = "TheWayHome", "Assembly-CSharp-Editor.csproj", "{35CF46DC-7094-608A-A695-8EDC9335C762}"
EndProject
Global
	GlobalSection(SolutionConfigurationPlatforms) = preSolution
		Debug|Any CPU = Debug|Any CPU
		Release|Any CPU = Release|Any CPU
	EndGlobalSection
	GlobalSection(ProjectConfigurationPlatforms) = postSolution
		{EB01AE29-CAEA-397A-3220-93928B3E508D}.Debug|Any CPU.ActiveCfg = Debug|Any CPU
		{EB01AE29-CAEA-397A-3220-93928B3E508D}.Debug|Any CPU.Build.0 = Debug|Any CPU
		{EB01AE29-CAEA-397A-3220-93928B3E508D}.Release|Any CPU.ActiveCfg = Release|Any CPU
		{EB01AE29-CAEA-397A-3220-93928B3E508D}.Release|Any CPU.Build.0 = Release|Any CPU
		{A6F8ED80-4691-4257-D491-E547FFD207F3}.Debug|Any CPU.ActiveCfg = Debug|Any CPU
		{A6F8ED80-4691-4257-D491-E547FFD207F3}.Debug|Any CPU.Build.0 = Debug|Any CPU
		{A6F8ED80-4691-4257-D491-E547FFD207F3}.Release|Any CPU.ActiveCfg = Release|Any CPU
		{A6F8ED80-4691-4257-D491-E547FFD207F3}.Release|Any CPU.Build.0 = Release|Any CPU
		{99F6F338-0DFE-55D0-20F9-95F5A35335B6}.Debug|Any CPU.ActiveCfg = Debug|Any CPU
		{99F6F338-0DFE-55D0-20F9-95F5A35335B6}.Debug|Any CPU.Build.0 = Debug|Any CPU
		{99F6F338-0DFE-55D0-20F9-95F5A35335B6}.Release|Any CPU.ActiveCfg = Release|Any CPU
		{99F6F338-0DFE-55D0-20F9-95F5A35335B6}.Release|Any CPU.Build.0 = Release|Any CPU
		{35CF46DC-7094-608A-A695-8EDC9335C762}.Debug|Any CPU.ActiveCfg = Debug|Any CPU
		{35CF46DC-7094-608A-A695-8EDC9335C762}.Debug|Any CPU.Build.0 = Debug|Any CPU
		{35CF46DC-7094-608A-A695-8EDC9335C762}.Release|Any CPU.ActiveCfg = Release|Any CPU
		{35CF46DC-7094-608A-A695-8EDC9335C762}.Release|Any CPU.Build.0 = Release|Any CPU
	EndGlobalSection
	GlobalSection(SolutionProperties) = preSolution
		HideSolutionNode = FALSE
	EndGlobalSection
																																	GlobalSection(MonoDevelopProperties) = preSolution
		StartupItem = Assembly-CSharp.csproj
		Policies = $0
		$0.TextStylePolicy = $1
		$1.inheritsSet = null
		$1.scope = text/x-csharp
		$0.CSharpFormattingPolicy = $2
		$2.inheritsSet = Mono
		$2.inheritsScope = text/x-csharp
		$2.scope = text/x-csharp
		$0.TextStylePolicy = $3
		$3.FileWidth = 120
		$3.TabWidth = 4
		$3.IndentWidth = 4
		$3.EolMarker = Unix
		$3.inheritsSet = Mono
		$3.inheritsScope = text/plain
		$3.scope = text/plain
	EndGlobalSection

EndGlobal
